
Microsoft Visual Studio Solution File, Format Version 12.00
# Visual Studio Version 16
VisualStudioVersion = 16.0.31702.278
MinimumVisualStudioVersion = 10.0.40219.1
Project("{2150E333-8FDC-42A3-9474-1A3956D46DE8}") = "src", "src", "{2A1EB5E2-1969-421A-943B-B9B8503045EF}"
EndProject
Project("{FAE04EC0-301F-11D3-BF4B-00C04F79EFBC}") = "Gambling.Api", "Gambling.Api\Gambling.Api.csproj", "{8515BA23-D59D-48B3-88EA-51186F23F958}"
EndProject
Global
	GlobalSection(SolutionConfigurationPlatforms) = preSolution
		Debug|Any CPU = Debug|Any CPU
		Release|Any CPU = Release|Any CPU
	EndGlobalSection
	GlobalSection(ProjectConfigurationPlatforms) = postSolution
		{8515BA23-D59D-48B3-88EA-51186F23F958}.Debug|Any CPU.ActiveCfg = Debug|Any CPU
		{8515BA23-D59D-48B3-88EA-51186F23F958}.Debug|Any CPU.Build.0 = Debug|Any CPU
		{8515BA23-D59D-48B3-88EA-51186F23F958}.Release|Any CPU.ActiveCfg = Release|Any CPU
		{8515BA23-D59D-48B3-88EA-51186F23F958}.Release|Any CPU.Build.0 = Release|Any CPU
	EndGlobalSection
	GlobalSection(SolutionProperties) = preSolution
		HideSolutionNode = FALSE
	EndGlobalSection
	GlobalSection(NestedProjects) = preSolution
		{8515BA23-D59D-48B3-88EA-51186F23F958} = {2A1EB5E2-1969-421A-943B-B9B8503045EF}
	EndGlobalSection
	GlobalSection(ExtensibilityGlobals) = postSolution
		SolutionGuid = {D6D6BC79-DD9A-4E23-B365-628D3EE6610D}
	EndGlobalSection
EndGlobal
